PODS:
  - Realm (3.11.2):
    - Realm/Headers (= 3.11.2)
  - Realm/Headers (3.11.2)
  - RealmSwift (3.11.2):
    - Realm (= 3.11.2)
  - SwipeCellKit (2.5.0)

DEPENDENCIES:
  - RealmSwift
  - SwipeCellKit

SPEC REPOS:
  https://github.com/CocoaPods/Specs.git:
    - Realm
    - RealmSwift
    - SwipeCellKit

SPEC CHECKSUMS:
  Realm: 864477d028db77f7c5a0cba64a4892ad53db128a
  RealmSwift: 12b8262fc08020b47de4fd88eb3d5c9425b34ec7
  SwipeCellKit: d8f2617538ce3021cb0a11d1b93856a06a2f2e20

PODFILE CHECKSUM: 3814b4948ef0d9856dd1ad3f9fcb2187c34f51f8

COCOAPODS: 1.5.0
